{
  "name": "to-do-list",
  "version": "1.0.0",
  "lockfileVersion": 3,
  "requires": true,
  "packages": {
    "": {
      "name": "to-do-list",
      "version": "1.0.0",
      "hasInstallScript": true,
      "license": "MIT",
      "dependencies": {
        "@capacitor/core": "file:packages/capacitor-core",
        "@capacitor/preferences": "file:packages/capacitor-preferences"
      },
      "devDependencies": {
        "prettier": "file:packages/prettier"
      }
    },
    "node_modules/@capacitor/core": {
      "resolved": "packages/capacitor-core",
      "link": true
    },
    "node_modules/@capacitor/preferences": {
      "resolved": "packages/capacitor-preferences",
      "link": true
    },
    "node_modules/prettier": {
      "resolved": "packages/prettier",
      "link": true
    },
    "packages/capacitor-core": {
      "name": "@capacitor/core",
      "version": "0.0.1"
    },
    "packages/capacitor-preferences": {
      "name": "@capacitor/preferences",
      "version": "0.0.1"
    },
    "packages/prettier": {
      "version": "0.0.1",
      "dev": true,
      "bin": {
        "prettier": "bin/prettier.js"
      }
    }
  }
}
